
Microsoft Visual Studio Solution File, Format Version 12.00
# Visual Studio 15
VisualStudioVersion = 15.0.26228.4
MinimumVisualStudioVersion = 10.0.40219.1
Project("{FAE04EC0-301F-11D3-BF4B-00C04F79EFBC}") = "Menu", "WindowsFormsApp7\Menu.csproj", "{6FB4C29D-A2B5-4779-83B3-97926A55EFAA}"
EndProject
Global
	GlobalSection(SolutionConfigurationPlatforms) = preSolution
		Debug|Any CPU = Debug|Any CPU
		Release|Any CPU = Release|Any CPU
	EndGlobalSection
	GlobalSection(ProjectConfigurationPlatforms) = postSolution
		{6FB4C29D-A2B5-4779-83B3-97926A55EFAA}.Debug|Any CPU.ActiveCfg = Debug|Any CPU
		{6FB4C29D-A2B5-4779-83B3-97926A55EFAA}.Debug|Any CPU.Build.0 = Debug|Any CPU
		{6FB4C29D-A2B5-4779-83B3-97926A55EFAA}.Release|Any CPU.ActiveCfg = Release|Any CPU
		{6FB4C29D-A2B5-4779-83B3-97926A55EFAA}.Release|Any CPU.Build.0 = Release|Any CPU
	EndGlobalSection
	GlobalSection(SolutionProperties) = preSolution
		HideSolutionNode = FALSE
	EndGlobalSection
EndGlobal
